
Microsoft Visual Studio Solution File, Format Version 12.00
# Visual Studio Version 16
VisualStudioVersion = 16.0.32002.261
MinimumVisualStudioVersion = 10.0.40219.1
Project("{FAE04EC0-301F-11D3-BF4B-00C04F79EFBC}") = "ConsoleTutorialApp_1", "ConsoleTutorialApp_1.csproj", "{1AB2A965-B77C-4D12-814E-6539B00B3BD6}"
EndProject
Global
	GlobalSection(SolutionConfigurationPlatforms) = preSolution
		Debug|Any CPU = Debug|Any CPU
		Release|Any CPU = Release|Any CPU
	EndGlobalSection
	GlobalSection(ProjectConfigurationPlatforms) = postSolution
		{1AB2A965-B77C-4D12-814E-6539B00B3BD6}.Debug|Any CPU.ActiveCfg = Debug|Any CPU
		{1AB2A965-B77C-4D12-814E-6539B00B3BD6}.Debug|Any CPU.Build.0 = Debug|Any CPU
		{1AB2A965-B77C-4D12-814E-6539B00B3BD6}.Release|Any CPU.ActiveCfg = Release|Any CPU
		{1AB2A965-B77C-4D12-814E-6539B00B3BD6}.Release|Any CPU.Build.0 = Release|Any CPU
	EndGlobalSection
	GlobalSection(SolutionProperties) = preSolution
		HideSolutionNode = FALSE
	EndGlobalSection
	GlobalSection(ExtensibilityGlobals) = postSolution
		SolutionGuid = {9C08B254-B82B-40F8-B87B-1FB385C1F074}
	EndGlobalSection
EndGlobal
